
Microsoft Visual Studio Solution File, Format Version 12.00
# Visual Studio Version 17
VisualStudioVersion = 17.11.35327.3
MinimumVisualStudioVersion = 10.0.40219.1
Project("{FAE04EC0-301F-11D3-BF4B-00C04F79EFBC}") = "SmartFridge", "SmartFridge.csproj", "{5D3B1CB5-BD46-4327-AB79-78D5177CABEE}"
EndProject
Project("{2150E333-8FDC-42A3-9474-1A3956D46DE8}") = "Solution Items", "Solution Items", "{9FA15D9B-85F9-4643-A512-06007792F788}"
	ProjectSection(SolutionItems) = preProject
		.gitignore = .gitignore
	EndProjectSection
EndProject
Project("{2150E333-8FDC-42A3-9474-1A3956D46DE8}") = "User", "User", "{DE473A39-A3D1-4E79-A764-2466B44AED95}"
EndProject
Global
	GlobalSection(SolutionConfigurationPlatforms) = preSolution
		Debug|Any CPU = Debug|Any CPU
		Release|Any CPU = Release|Any CPU
	EndGlobalSection
	GlobalSection(ProjectConfigurationPlatforms) = postSolution
		{5D3B1CB5-BD46-4327-AB79-78D5177CABEE}.Debug|Any CPU.ActiveCfg = Debug|Any CPU
		{5D3B1CB5-BD46-4327-AB79-78D5177CABEE}.Debug|Any CPU.Build.0 = Debug|Any CPU
		{5D3B1CB5-BD46-4327-AB79-78D5177CABEE}.Release|Any CPU.ActiveCfg = Release|Any CPU
		{5D3B1CB5-BD46-4327-AB79-78D5177CABEE}.Release|Any CPU.Build.0 = Release|Any CPU
	EndGlobalSection
	GlobalSection(SolutionProperties) = preSolution
		HideSolutionNode = FALSE
	EndGlobalSection
	GlobalSection(ExtensibilityGlobals) = postSolution
		SolutionGuid = {AECD18A2-ACD1-4D5E-9B97-94F41DCDFA43}
	EndGlobalSection
EndGlobal
